// !$*UTF8*$!
{
	archiveVersion = 1;
	classes = {
	};
	objectVersion = 50;
	objects = {

/* Begin PBXBuildFile section */
		9F5C451E25A5B2C7002CDA9B /* ServiceDirectory.swift in Sources */ = {isa = PBXBuildFile; fileRef = 9F5C44EC25A5B2C7002CDA9B /* ServiceDirectory.swift */; };
		9F5C451F25A5B2C7002CDA9B /* Configuration.swift in Sources */ = {isa = PBXBuildFile; fileRef = 9F5C44ED25A5B2C7002CDA9B /* Configuration.swift */; };
		9F5C452025A5B2C7002CDA9B /* Network.swift in Sources */ = {isa = PBXBuildFile; fileRef = 9F5C44F025A5B2C7002CDA9B /* Network.swift */; };
		9F5C452325A5B2C8002CDA9B /* Collection+Extension.swift in Sources */ = {isa = PBXBuildFile; fileRef = 9F5C44F425A5B2C7002CDA9B /* Collection+Extension.swift */; };
		9F5C452525A5B2C8002CDA9B /* String+Extension.swift in Sources */ = {isa = PBXBuildFile; fileRef = 9F5C44F625A5B2C7002CDA9B /* String+Extension.swift */; };
		9F5C452625A5B2C8002CDA9B /* UIStoryBoard+Extension.swift in Sources */ = {isa = PBXBuildFile; fileRef = 9F5C44F725A5B2C7002CDA9B /* UIStoryBoard+Extension.swift */; };
		9F5C452725A5B2C8002CDA9B /* UITableView+Extensions.swift in Sources */ = {isa = PBXBuildFile; fileRef = 9F5C44F825A5B2C7002CDA9B /* UITableView+Extensions.swift */; };
		9F5C452825A5B2C8002CDA9B /* UIImgeView+Cache.swift in Sources */ = {isa = PBXBuildFile; fileRef = 9F5C44F925A5B2C7002CDA9B /* UIImgeView+Cache.swift */; };
		9F5C452C25A5B2C8002CDA9B /* ImageCacheService.swift in Sources */ = {isa = PBXBuildFile; fileRef = 9F5C450025A5B2C7002CDA9B /* ImageCacheService.swift */; };
		9F5C45A925A6EE64002CDA9B /* main.swift in Sources */ = {isa = PBXBuildFile; fileRef = 9F5C45A825A6EE64002CDA9B /* main.swift */; };
		9F80B95725A5A99B007A75A8 /* AppDelegate.swift in Sources */ = {isa = PBXBuildFile; fileRef = 9F80B95625A5A99B007A75A8 /* AppDelegate.swift */; };
		9F80B95925A5A99B007A75A8 /* SceneDelegate.swift in Sources */ = {isa = PBXBuildFile; fileRef = 9F80B95825A5A99B007A75A8 /* SceneDelegate.swift */; };
		9F80B95E25A5A99B007A75A8 /* Main.storyboard in Resources */ = {isa = PBXBuildFile; fileRef = 9F80B95C25A5A99B007A75A8 /* Main.storyboard */; };
		9F80B96025A5A99D007A75A8 /* Assets.xcassets in Resources */ = {isa = PBXBuildFile; fileRef = 9F80B95F25A5A99D007A75A8 /* Assets.xcassets */; };
		9F80B96325A5A99D007A75A8 /* LaunchScreen.storyboard in Resources */ = {isa = PBXBuildFile; fileRef = 9F80B96125A5A99D007A75A8 /* LaunchScreen.storyboard */; };
		9F80B96E25A5A99D007A75A8 /* BreakingBadTests.swift in Sources */ = {isa = PBXBuildFile; fileRef = 9F80B96D25A5A99D007A75A8 /* BreakingBadTests.swift */; };
		9F80B97925A5A99D007A75A8 /* BreakingBadUITests.swift in Sources */ = {isa = PBXBuildFile; fileRef = 9F80B97825A5A99D007A75A8 /* BreakingBadUITests.swift */; };
		A243901A00F4555C2A3C9467 /* CharactersInteractor.swift in Sources */ = {isa = PBXBuildFile; fileRef = A243995C36ACBB1951A3C043 /* CharactersInteractor.swift */; };
		A2439037AA7739B116F9D40B /* CharacterDetailView.swift in Sources */ = {isa = PBXBuildFile; fileRef = A24394ECC9DFF8F01F5ED248 /* CharacterDetailView.swift */; };
		A243910376722CAEF7EEF78D /* CharactersView.swift in Sources */ = {isa = PBXBuildFile; fileRef = A24396CECCB5EF48051CDE64 /* CharactersView.swift */; };
		A243911CE664C4FA928F879B /* CharactersPresenter.swift in Sources */ = {isa = PBXBuildFile; fileRef = A2439273CAF16AC0B6D6DDA8 /* CharactersPresenter.swift */; };
		A24393369209BD64404D8E73 /* CharacterPresenter.swift in Sources */ = {isa = PBXBuildFile; fileRef = A243945B680A797801CFF9D2 /* CharacterPresenter.swift */; };
		A243940E51456F354C073391 /* CharactersWireframeFactory.swift in Sources */ = {isa = PBXBuildFile; fileRef = A2439F0525E9E5AACDD72AA3 /* CharactersWireframeFactory.swift */; };
		A24394A742239F40DF1AE45E /* CharacterDetailWireframeFactory.swift in Sources */ = {isa = PBXBuildFile; fileRef = A2439E9594A31557CA1D3C01 /* CharacterDetailWireframeFactory.swift */; };
		A243972C45C2C2A890F591BF /* CharactersService.swift in Sources */ = {isa = PBXBuildFile; fileRef = A24392B47826FB7747B52987 /* CharactersService.swift */; };
		A2439804AB1DE723067CA5B9 /* CharactersWireframe.swift in Sources */ = {isa = PBXBuildFile; fileRef = A2439234EEEFFC6AA196E2E1 /* CharactersWireframe.swift */; };
		A243988EB7AA36F09DC86E70 /* CharactersViewModel.swift in Sources */ = {isa = PBXBuildFile; fileRef = A24391422D325702A3954E59 /* CharactersViewModel.swift */; };
		A24398DF868E12F58A49D6A3 /* CharacterCell.swift in Sources */ = {isa = PBXBuildFile; fileRef = A2439307BC4E8145755887B4 /* CharacterCell.swift */; };
		A2439969C56A1926A7DF87ED /* CharacterDetailViewModel.swift in Sources */ = {isa = PBXBuildFile; fileRef = A2439505B78A43B7CC4AFA12 /* CharacterDetailViewModel.swift */; };
		A2439B5F1C46209446B10E62 /* Character.swift in Sources */ = {isa = PBXBuildFile; fileRef = A24394B87B11825F70B1518A /* Character.swift */; };
		A2439F998D510F6A7CD8B660 /* CharacterDetailWireframe.swift in Sources */ = {isa = PBXBuildFile; fileRef = A2439D861DC6AB2FB491C5CE /* CharacterDetailWireframe.swift */; };
/* End PBXBuildFile section */

/* Begin PBXContainerItemProxy section */
		9F80B96A25A5A99D007A75A8 /* PBXContainerItemProxy */ = {
			isa = PBXContainerItemProxy;
			containerPortal = 9F80B94B25A5A99B007A75A8 /* Project object */;
			proxyType = 1;
			remoteGlobalIDString = 9F80B95225A5A99B007A75A8;
			remoteInfo = BreakingBad;
		};
		9F80B97525A5A99D007A75A8 /* PBXContainerItemProxy */ = {
			isa = PBXContainerItemProxy;
			containerPortal = 9F80B94B25A5A99B007A75A8 /* Project object */;
			proxyType = 1;
			remoteGlobalIDString = 9F80B95225A5A99B007A75A8;
			remoteInfo = BreakingBad;
		};
/* End PBXContainerItemProxy section */

/* Begin PBXFileReference section */
		9F5C44EC25A5B2C7002CDA9B /* ServiceDirectory.swift */ = {isa = PBXFileReference; fileEncoding = 4; lastKnownFileType = sourcecode.swift; path = ServiceDirectory.swift; sourceTree = "<group>"; };
		9F5C44ED25A5B2C7002CDA9B /* Configuration.swift */ = {isa = PBXFileReference; fileEncoding = 4; lastKnownFileType = sourcecode.swift; path = Configuration.swift; sourceTree = "<group>"; };
		9F5C44F025A5B2C7002CDA9B /* Network.swift */ = {isa = PBXFileReference; fileEncoding = 4; lastKnownFileType = sourcecode.swift; path = Network.swift; sourceTree = "<group>"; };
		9F5C44F425A5B2C7002CDA9B /* Collection+Extension.swift */ = {isa = PBXFileReference; fileEncoding = 4; lastKnownFileType = sourcecode.swift; path = "Collection+Extension.swift"; sourceTree = "<group>"; };
		9F5C44F625A5B2C7002CDA9B /* String+Extension.swift */ = {isa = PBXFileReference; fileEncoding = 4; lastKnownFileType = sourcecode.swift; path = "String+Extension.swift"; sourceTree = "<group>"; };
		9F5C44F725A5B2C7002CDA9B /* UIStoryBoard+Extension.swift */ = {isa = PBXFileReference; fileEncoding = 4; lastKnownFileType = sourcecode.swift; path = "UIStoryBoard+Extension.swift"; sourceTree = "<group>"; };
		9F5C44F825A5B2C7002CDA9B /* UITableView+Extensions.swift */ = {isa = PBXFileReference; fileEncoding = 4; lastKnownFileType = sourcecode.swift; path = "UITableView+Extensions.swift"; sourceTree = "<group>"; };
		9F5C44F925A5B2C7002CDA9B /* UIImgeView+Cache.swift */ = {isa = PBXFileReference; fileEncoding = 4; lastKnownFileType = sourcecode.swift; path = "UIImgeView+Cache.swift"; sourceTree = "<group>"; };
		9F5C450025A5B2C7002CDA9B /* ImageCacheService.swift */ = {isa = PBXFileReference; fileEncoding = 4; lastKnownFileType = sourcecode.swift; path = ImageCacheService.swift; sourceTree = "<group>"; };
		9F5C45A825A6EE64002CDA9B /* main.swift */ = {isa = PBXFileReference; lastKnownFileType = sourcecode.swift; path = main.swift; sourceTree = "<group>"; };
		9F5C45E625A71F46002CDA9B /* README.md */ = {isa = PBXFileReference; lastKnownFileType = net.daringfireball.markdown; path = README.md; sourceTree = "<group>"; };
		9F80B95325A5A99B007A75A8 /* BreakingBad.app */ = {isa = PBXFileReference; explicitFileType = wrapper.application; includeInIndex = 0; path = BreakingBad.app; sourceTree = BUILT_PRODUCTS_DIR; };
		9F80B95625A5A99B007A75A8 /* AppDelegate.swift */ = {isa = PBXFileReference; lastKnownFileType = sourcecode.swift; path = AppDelegate.swift; sourceTree = "<group>"; };
		9F80B95825A5A99B007A75A8 /* SceneDelegate.swift */ = {isa = PBXFileReference; lastKnownFileType = sourcecode.swift; path = SceneDelegate.swift; sourceTree = "<group>"; };
		9F80B95D25A5A99B007A75A8 /* Base */ = {isa = PBXFileReference; lastKnownFileType = file.storyboard; name = Base; path = Base.lproj/Main.storyboard; sourceTree = "<group>"; };
		9F80B95F25A5A99D007A75A8 /* Assets.xcassets */ = {isa = PBXFileReference; lastKnownFileType = folder.assetcatalog; path = Assets.xcassets; sourceTree = "<group>"; };
		9F80B96225A5A99D007A75A8 /* Base */ = {isa = PBXFileReference; lastKnownFileType = file.storyboard; name = Base; path = Base.lproj/LaunchScreen.storyboard; sourceTree = "<group>"; };
		9F80B96425A5A99D007A75A8 /* Info.plist */ = {isa = PBXFileReference; lastKnownFileType = text.plist.xml; path = Info.plist; sourceTree = "<group>"; };
		9F80B96925A5A99D007A75A8 /* BreakingBadTests.xctest */ = {isa = PBXFileReference; explicitFileType = wrapper.cfbundle; includeInIndex = 0; path = BreakingBadTests.xctest; sourceTree = BUILT_PRODUCTS_DIR; };
		9F80B96D25A5A99D007A75A8 /* BreakingBadTests.swift */ = {isa = PBXFileReference; lastKnownFileType = sourcecode.swift; path = BreakingBadTests.swift; sourceTree = "<group>"; };
		9F80B96F25A5A99D007A75A8 /* Info.plist */ = {isa = PBXFileReference; lastKnownFileType = text.plist.xml; path = Info.plist; sourceTree = "<group>"; };
		9F80B97425A5A99D007A75A8 /* BreakingBadUITests.xctest */ = {isa = PBXFileReference; explicitFileType = wrapper.cfbundle; includeInIndex = 0; path = BreakingBadUITests.xctest; sourceTree = BUILT_PRODUCTS_DIR; };
		9F80B97825A5A99D007A75A8 /* BreakingBadUITests.swift */ = {isa = PBXFileReference; lastKnownFileType = sourcecode.swift; path = BreakingBadUITests.swift; sourceTree = "<group>"; };
		9F80B97A25A5A99D007A75A8 /* Info.plist */ = {isa = PBXFileReference; lastKnownFileType = text.plist.xml; path = Info.plist; sourceTree = "<group>"; };
		A24391422D325702A3954E59 /* CharactersViewModel.swift */ = {isa = PBXFileReference; fileEncoding = 4; lastKnownFileType = sourcecode.swift; path = CharactersViewModel.swift; sourceTree = "<group>"; };
		A2439234EEEFFC6AA196E2E1 /* CharactersWireframe.swift */ = {isa = PBXFileReference; fileEncoding = 4; lastKnownFileType = sourcecode.swift; path = CharactersWireframe.swift; sourceTree = "<group>"; };
		A2439273CAF16AC0B6D6DDA8 /* CharactersPresenter.swift */ = {isa = PBXFileReference; fileEncoding = 4; lastKnownFileType = sourcecode.swift; path = CharactersPresenter.swift; sourceTree = "<group>"; };
		A24392B47826FB7747B52987 /* CharactersService.swift */ = {isa = PBXFileReference; fileEncoding = 4; lastKnownFileType = sourcecode.swift; path = CharactersService.swift; sourceTree = "<group>"; };
		A2439307BC4E8145755887B4 /* CharacterCell.swift */ = {isa = PBXFileReference; fileEncoding = 4; lastKnownFileType = sourcecode.swift; path = CharacterCell.swift; sourceTree = "<group>"; };
		A243945B680A797801CFF9D2 /* CharacterPresenter.swift */ = {isa = PBXFileReference; fileEncoding = 4; lastKnownFileType = sourcecode.swift; path = CharacterPresenter.swift; sourceTree = "<group>"; };
		A24394B87B11825F70B1518A /* Character.swift */ = {isa = PBXFileReference; fileEncoding = 4; lastKnownFileType = sourcecode.swift; path = Character.swift; sourceTree = "<group>"; };
		A24394ECC9DFF8F01F5ED248 /* CharacterDetailView.swift */ = {isa = PBXFileReference; fileEncoding = 4; lastKnownFileType = sourcecode.swift; path = CharacterDetailView.swift; sourceTree = "<group>"; };
		A2439505B78A43B7CC4AFA12 /* CharacterDetailViewModel.swift */ = {isa = PBXFileReference; fileEncoding = 4; lastKnownFileType = sourcecode.swift; path = CharacterDetailViewModel.swift; sourceTree = "<group>"; };
		A24396CECCB5EF48051CDE64 /* CharactersView.swift */ = {isa = PBXFileReference; fileEncoding = 4; lastKnownFileType = sourcecode.swift; path = CharactersView.swift; sourceTree = "<group>"; };
		A243995C36ACBB1951A3C043 /* CharactersInteractor.swift */ = {isa = PBXFileReference; fileEncoding = 4; lastKnownFileType = sourcecode.swift; path = CharactersInteractor.swift; sourceTree = "<group>"; };
		A2439D861DC6AB2FB491C5CE /* CharacterDetailWireframe.swift */ = {isa = PBXFileReference; fileEncoding = 4; lastKnownFileType = sourcecode.swift; path = CharacterDetailWireframe.swift; sourceTree = "<group>"; };
		A2439E9594A31557CA1D3C01 /* CharacterDetailWireframeFactory.swift */ = {isa = PBXFileReference; fileEncoding = 4; lastKnownFileType = sourcecode.swift; path = CharacterDetailWireframeFactory.swift; sourceTree = "<group>"; };
		A2439F0525E9E5AACDD72AA3 /* CharactersWireframeFactory.swift */ = {isa = PBXFileReference; fileEncoding = 4; lastKnownFileType = sourcecode.swift; path = CharactersWireframeFactory.swift; sourceTree = "<group>"; };
/* End PBXFileReference section */

/* Begin PBXFrameworksBuildPhase section */
		9F80B95025A5A99B007A75A8 /* Frameworks */ = {
			isa = PBXFrameworksBuildPhase;
			buildActionMask = 2147483647;
			files = (
			);
			runOnlyForDeploymentPostprocessing = 0;
		};
		9F80B96625A5A99D007A75A8 /* Frameworks */ = {
			isa = PBXFrameworksBuildPhase;
			buildActionMask = 2147483647;
			files = (
			);
			runOnlyForDeploymentPostprocessing = 0;
		};
		9F80B97125A5A99D007A75A8 /* Frameworks */ = {
			isa = PBXFrameworksBuildPhase;
			buildActionMask = 2147483647;
			files = (
			);
			runOnlyForDeploymentPostprocessing = 0;
		};
/* End PBXFrameworksBuildPhase section */

/* Begin PBXGroup section */
		9F5C44EB25A5B2C7002CDA9B /* Bootstrap */ = {
			isa = PBXGroup;
			children = (
				9F5C44EC25A5B2C7002CDA9B /* ServiceDirectory.swift */,
				9F5C44ED25A5B2C7002CDA9B /* Configuration.swift */,
			);
			path = Bootstrap;
			sourceTree = "<group>";
		};
		9F5C44EE25A5B2C7002CDA9B /* Common */ = {
			isa = PBXGroup;
			children = (
				9F5C44EF25A5B2C7002CDA9B /* Network */,
				9F5C44F225A5B2C7002CDA9B /* Extensions */,
				9F5C44FE25A5B2C7002CDA9B /* Services */,
			);
			path = Common;
			sourceTree = "<group>";
		};
		9F5C44EF25A5B2C7002CDA9B /* Network */ = {
			isa = PBXGroup;
			children = (
				9F5C44F025A5B2C7002CDA9B /* Network.swift */,
			);
			path = Network;
			sourceTree = "<group>";
		};
		9F5C44F225A5B2C7002CDA9B /* Extensions */ = {
			isa = PBXGroup;
			children = (
				9F5C44F425A5B2C7002CDA9B /* Collection+Extension.swift */,
				9F5C44F625A5B2C7002CDA9B /* String+Extension.swift */,
				9F5C44F725A5B2C7002CDA9B /* UIStoryBoard+Extension.swift */,
				9F5C44F825A5B2C7002CDA9B /* UITableView+Extensions.swift */,
				9F5C44F925A5B2C7002CDA9B /* UIImgeView+Cache.swift */,
			);
			path = Extensions;
			sourceTree = "<group>";
		};
		9F5C44FE25A5B2C7002CDA9B /* Services */ = {
			isa = PBXGroup;
			children = (
				9F5C44FF25A5B2C7002CDA9B /* ImageCacheService */,
				A2439988B5A702300BB8674E /* CharactersService */,
			);
			path = Services;
			sourceTree = "<group>";
		};
		9F5C44FF25A5B2C7002CDA9B /* ImageCacheService */ = {
			isa = PBXGroup;
			children = (
				9F5C450025A5B2C7002CDA9B /* ImageCacheService.swift */,
			);
			path = ImageCacheService;
			sourceTree = "<group>";
		};
		9F5C450E25A5B2C7002CDA9B /* Modules */ = {
			isa = PBXGroup;
			children = (
				A2439666763CB806AEAF80B8 /* Characters */,
				A24392C5DFC32FD817D0B2A3 /* CharacterDetail */,
			);
			path = Modules;
			sourceTree = "<group>";
		};
		9F80B94A25A5A99B007A75A8 = {
			isa = PBXGroup;
			children = (
				9F80B95525A5A99B007A75A8 /* BreakingBad */,
				9F80B96C25A5A99D007A75A8 /* BreakingBadTests */,
				9F80B97725A5A99D007A75A8 /* BreakingBadUITests */,
				9F80B95425A5A99B007A75A8 /* Products */,
			);
			sourceTree = "<group>";
		};
		9F80B95425A5A99B007A75A8 /* Products */ = {
			isa = PBXGroup;
			children = (
				9F80B95325A5A99B007A75A8 /* BreakingBad.app */,
				9F80B96925A5A99D007A75A8 /* BreakingBadTests.xctest */,
				9F80B97425A5A99D007A75A8 /* BreakingBadUITests.xctest */,
			);
			name = Products;
			sourceTree = "<group>";
		};
		9F80B95525A5A99B007A75A8 /* BreakingBad */ = {
			isa = PBXGroup;
			children = (
				9F80B95625A5A99B007A75A8 /* AppDelegate.swift */,
				9F80B95825A5A99B007A75A8 /* SceneDelegate.swift */,
				9F5C45A825A6EE64002CDA9B /* main.swift */,
				9F5C44EB25A5B2C7002CDA9B /* Bootstrap */,
				9F5C44EE25A5B2C7002CDA9B /* Common */,
				9F5C450E25A5B2C7002CDA9B /* Modules */,
				9F80B95C25A5A99B007A75A8 /* Main.storyboard */,
				9F80B95F25A5A99D007A75A8 /* Assets.xcassets */,
				9F80B96125A5A99D007A75A8 /* LaunchScreen.storyboard */,
				9F80B96425A5A99D007A75A8 /* Info.plist */,
				9F5C45E625A71F46002CDA9B /* README.md */,
			);
			path = BreakingBad;
			sourceTree = "<group>";
		};
		9F80B96C25A5A99D007A75A8 /* BreakingBadTests */ = {
			isa = PBXGroup;
			children = (
				9F80B96D25A5A99D007A75A8 /* BreakingBadTests.swift */,
				9F80B96F25A5A99D007A75A8 /* Info.plist */,
			);
			path = BreakingBadTests;
			sourceTree = "<group>";
		};
		9F80B97725A5A99D007A75A8 /* BreakingBadUITests */ = {
			isa = PBXGroup;
			children = (
				9F80B97825A5A99D007A75A8 /* BreakingBadUITests.swift */,
				9F80B97A25A5A99D007A75A8 /* Info.plist */,
			);
			path = BreakingBadUITests;
			sourceTree = "<group>";
		};
		A24392C5DFC32FD817D0B2A3 /* CharacterDetail */ = {
			isa = PBXGroup;
			children = (
				A2439E9594A31557CA1D3C01 /* CharacterDetailWireframeFactory.swift */,
				A2439D861DC6AB2FB491C5CE /* CharacterDetailWireframe.swift */,
				A24394ECC9DFF8F01F5ED248 /* CharacterDetailView.swift */,
				A243945B680A797801CFF9D2 /* CharacterPresenter.swift */,
				A2439505B78A43B7CC4AFA12 /* CharacterDetailViewModel.swift */,
			);
			path = CharacterDetail;
			sourceTree = "<group>";
		};
		A2439666763CB806AEAF80B8 /* Characters */ = {
			isa = PBXGroup;
			children = (
				A2439F0525E9E5AACDD72AA3 /* CharactersWireframeFactory.swift */,
				A2439234EEEFFC6AA196E2E1 /* CharactersWireframe.swift */,
				A24396CECCB5EF48051CDE64 /* CharactersView.swift */,
				A2439307BC4E8145755887B4 /* CharacterCell.swift */,
				A2439273CAF16AC0B6D6DDA8 /* CharactersPresenter.swift */,
				A243995C36ACBB1951A3C043 /* CharactersInteractor.swift */,
				A24391422D325702A3954E59 /* CharactersViewModel.swift */,
			);
			path = Characters;
			sourceTree = "<group>";
		};
		A2439988B5A702300BB8674E /* CharactersService */ = {
			isa = PBXGroup;
			children = (
				A24392B47826FB7747B52987 /* CharactersService.swift */,
				A24394B87B11825F70B1518A /* Character.swift */,
			);
			path = CharactersService;
			sourceTree = "<group>";
		};
/* End PBXGroup section */

/* Begin PBXNativeTarget section */
		9F80B95225A5A99B007A75A8 /* BreakingBad */ = {
			isa = PBXNativeTarget;
			buildConfigurationList = 9F80B97D25A5A99D007A75A8 /* Build configuration list for PBXNativeTarget "BreakingBad" */;
			buildPhases = (
				9F80B94F25A5A99B007A75A8 /* Sources */,
				9F80B95025A5A99B007A75A8 /* Frameworks */,
				9F80B95125A5A99B007A75A8 /* Resources */,
			);
			buildRules = (
			);
			dependencies = (
			);
			name = BreakingBad;
			productName = BreakingBad;
			productReference = 9F80B95325A5A99B007A75A8 /* BreakingBad.app */;
			productType = "com.apple.product-type.application";
		};
		9F80B96825A5A99D007A75A8 /* BreakingBadTests */ = {
			isa = PBXNativeTarget;
			buildConfigurationList = 9F80B98025A5A99D007A75A8 /* Build configuration list for PBXNativeTarget "BreakingBadTests" */;
			buildPhases = (
				9F80B96525A5A99D007A75A8 /* Sources */,
				9F80B96625A5A99D007A75A8 /* Frameworks */,
				9F80B96725A5A99D007A75A8 /* Resources */,
			);
			buildRules = (
			);
			dependencies = (
				9F80B96B25A5A99D007A75A8 /* PBXTargetDependency */,
			);
			name = BreakingBadTests;
			productName = BreakingBadTests;
			productReference = 9F80B96925A5A99D007A75A8 /* BreakingBadTests.xctest */;
			productType = "com.apple.product-type.bundle.unit-test";
		};
		9F80B97325A5A99D007A75A8 /* BreakingBadUITests */ = {
			isa = PBXNativeTarget;
			buildConfigurationList = 9F80B98325A5A99D007A75A8 /* Build configuration list for PBXNativeTarget "BreakingBadUITests" */;
			buildPhases = (
				9F80B97025A5A99D007A75A8 /* Sources */,
				9F80B97125A5A99D007A75A8 /* Frameworks */,
				9F80B97225A5A99D007A75A8 /* Resources */,
			);
			buildRules = (
			);
			dependencies = (
				9F80B97625A5A99D007A75A8 /* PBXTargetDependency */,
			);
			name = BreakingBadUITests;
			productName = BreakingBadUITests;
			productReference = 9F80B97425A5A99D007A75A8 /* BreakingBadUITests.xctest */;
			productType = "com.apple.product-type.bundle.ui-testing";
		};
/* End PBXNativeTarget section */

/* Begin PBXProject section */
		9F80B94B25A5A99B007A75A8 /* Project object */ = {
			isa = PBXProject;
			attributes = {
				LastSwiftUpdateCheck = 1230;
				LastUpgradeCheck = 1230;
				TargetAttributes = {
					9F80B95225A5A99B007A75A8 = {
						CreatedOnToolsVersion = 12.3;
					};
					9F80B96825A5A99D007A75A8 = {
						CreatedOnToolsVersion = 12.3;
						TestTargetID = 9F80B95225A5A99B007A75A8;
					};
					9F80B97325A5A99D007A75A8 = {
						CreatedOnToolsVersion = 12.3;
						TestTargetID = 9F80B95225A5A99B007A75A8;
					};
				};
			};
			buildConfigurationList = 9F80B94E25A5A99B007A75A8 /* Build configuration list for PBXProject "BreakingBad" */;
			compatibilityVersion = "Xcode 9.3";
			developmentRegion = en;
			hasScannedForEncodings = 0;
			knownRegions = (
				en,
				Base,
			);
			mainGroup = 9F80B94A25A5A99B007A75A8;
			productRefGroup = 9F80B95425A5A99B007A75A8 /* Products */;
			projectDirPath = "";
			projectRoot = "";
			targets = (
				9F80B95225A5A99B007A75A8 /* BreakingBad */,
				9F80B96825A5A99D007A75A8 /* BreakingBadTests */,
				9F80B97325A5A99D007A75A8 /* BreakingBadUITests */,
			);
		};
/* End PBXProject section */

/* Begin PBXResourcesBuildPhase section */
		9F80B95125A5A99B007A75A8 /* Resources */ = {
			isa = PBXResourcesBuildPhase;
			buildActionMask = 2147483647;
			files = (
				9F80B96325A5A99D007A75A8 /* LaunchScreen.storyboard in Resources */,
				9F80B96025A5A99D007A75A8 /* Assets.xcassets in Resources */,
				9F80B95E25A5A99B007A75A8 /* Main.storyboard in Resources */,
			);
			runOnlyForDeploymentPostprocessing = 0;
		};
		9F80B96725A5A99D007A75A8 /* Resources */ = {
			isa = PBXResourcesBuildPhase;
			buildActionMask = 2147483647;
			files = (
			);
			runOnlyForDeploymentPostprocessing = 0;
		};
		9F80B97225A5A99D007A75A8 /* Resources */ = {
			isa = PBXResourcesBuildPhase;
			buildActionMask = 2147483647;
			files = (
			);
			runOnlyForDeploymentPostprocessing = 0;
		};
/* End PBXResourcesBuildPhase section */

/* Begin PBXSourcesBuildPhase section */
		9F80B94F25A5A99B007A75A8 /* Sources */ = {
			isa = PBXSourcesBuildPhase;
			buildActionMask = 2147483647;
			files = (
				9F5C452525A5B2C8002CDA9B /* String+Extension.swift in Sources */,
				9F5C451F25A5B2C7002CDA9B /* Configuration.swift in Sources */,
				9F5C452825A5B2C8002CDA9B /* UIImgeView+Cache.swift in Sources */,
				9F5C452025A5B2C7002CDA9B /* Network.swift in Sources */,
				9F5C452C25A5B2C8002CDA9B /* ImageCacheService.swift in Sources */,
				9F5C45A925A6EE64002CDA9B /* main.swift in Sources */,
				9F80B95725A5A99B007A75A8 /* AppDelegate.swift in Sources */,
				9F5C452625A5B2C8002CDA9B /* UIStoryBoard+Extension.swift in Sources */,
				9F80B95925A5A99B007A75A8 /* SceneDelegate.swift in Sources */,
				9F5C452725A5B2C8002CDA9B /* UITableView+Extensions.swift in Sources */,
				9F5C451E25A5B2C7002CDA9B /* ServiceDirectory.swift in Sources */,
				9F5C452325A5B2C8002CDA9B /* Collection+Extension.swift in Sources */,
				A243972C45C2C2A890F591BF /* CharactersService.swift in Sources */,
				A2439B5F1C46209446B10E62 /* Character.swift in Sources */,
				A243910376722CAEF7EEF78D /* CharactersView.swift in Sources */,
				A24394A742239F40DF1AE45E /* CharacterDetailWireframeFactory.swift in Sources */,
				A243901A00F4555C2A3C9467 /* CharactersInteractor.swift in Sources */,
				A243911CE664C4FA928F879B /* CharactersPresenter.swift in Sources */,
				A243988EB7AA36F09DC86E70 /* CharactersViewModel.swift in Sources */,
				A2439804AB1DE723067CA5B9 /* CharactersWireframe.swift in Sources */,
				A243940E51456F354C073391 /* CharactersWireframeFactory.swift in Sources */,
				A24398DF868E12F58A49D6A3 /* CharacterCell.swift in Sources */,
				A2439969C56A1926A7DF87ED /* CharacterDetailViewModel.swift in Sources */,
				A24393369209BD64404D8E73 /* CharacterPresenter.swift in Sources */,
				A2439037AA7739B116F9D40B /* CharacterDetailView.swift in Sources */,
				A2439F998D510F6A7CD8B660 /* CharacterDetailWireframe.swift in Sources */,
			);
			runOnlyForDeploymentPostprocessing = 0;
		};
		9F80B96525A5A99D007A75A8 /* Sources */ = {
			isa = PBXSourcesBuildPhase;
			buildActionMask = 2147483647;
			files = (
				9F80B96E25A5A99D007A75A8 /* BreakingBadTests.swift in Sources */,
			);
			runOnlyForDeploymentPostprocessing = 0;
		};
		9F80B97025A5A99D007A75A8 /* Sources */ = {
			isa = PBXSourcesBuildPhase;
			buildActionMask = 2147483647;
			files = (
				9F80B97925A5A99D007A75A8 /* BreakingBadUITests.swift in Sources */,
			);
			runOnlyForDeploymentPostprocessing = 0;
		};
/* End PBXSourcesBuildPhase section */

/* Begin PBXTargetDependency section */
		9F80B96B25A5A99D007A75A8 /* PBXTargetDependency */ = {
			isa = PBXTargetDependency;
			target = 9F80B95225A5A99B007A75A8 /* BreakingBad */;
			targetProxy = 9F80B96A25A5A99D007A75A8 /* PBXContainerItemProxy */;
		};
		9F80B97625A5A99D007A75A8 /* PBXTargetDependency */ = {
			isa = PBXTargetDependency;
			target = 9F80B95225A5A99B007A75A8 /* BreakingBad */;
			targetProxy = 9F80B97525A5A99D007A75A8 /* PBXContainerItemProxy */;
		};
/* End PBXTargetDependency section */

/* Begin PBXVariantGroup section */
		9F80B95C25A5A99B007A75A8 /* Main.storyboard */ = {
			isa = PBXVariantGroup;
			children = (
				9F80B95D25A5A99B007A75A8 /* Base */,
			);
			name = Main.storyboard;
			sourceTree = "<group>";
		};
		9F80B96125A5A99D007A75A8 /* LaunchScreen.storyboard */ = {
			isa = PBXVariantGroup;
			children = (
				9F80B96225A5A99D007A75A8 /* Base */,
			);
			name = LaunchScreen.storyboard;
			sourceTree = "<group>";
		};
/* End PBXVariantGroup section */

/* Begin XCBuildConfiguration section */
		9F80B97B25A5A99D007A75A8 /* Debug */ = {
			isa = XCBuildConfiguration;
			buildSettings = {
				ALWAYS_SEARCH_USER_PATHS = NO;
				CLANG_ANALYZER_NONNULL = YES;
				CLANG_ANALYZER_NUMBER_OBJECT_CONVERSION = YES_AGGRESSIVE;
				CLANG_CXX_LANGUAGE_STANDARD = "gnu++14";
				CLANG_CXX_LIBRARY = "libc++";
				CLANG_ENABLE_MODULES = YES;
				CLANG_ENABLE_OBJC_ARC = YES;
				CLANG_ENABLE_OBJC_WEAK = YES;
				CLANG_WARN_BLOCK_CAPTURE_AUTORELEASING = YES;
				CLANG_WARN_BOOL_CONVERSION = YES;
				CLANG_WARN_COMMA = YES;
				CLANG_WARN_CONSTANT_CONVERSION = YES;
				CLANG_WARN_DEPRECATED_OBJC_IMPLEMENTATIONS = YES;
				CLANG_WARN_DIRECT_OBJC_ISA_USAGE = YES_ERROR;
				CLANG_WARN_DOCUMENTATION_COMMENTS = YES;
				CLANG_WARN_EMPTY_BODY = YES;
				CLANG_WARN_ENUM_CONVERSION = YES;
				CLANG_WARN_INFINITE_RECURSION = YES;
				CLANG_WARN_INT_CONVERSION = YES;
				CLANG_WARN_NON_LITERAL_NULL_CONVERSION = YES;
				CLANG_WARN_OBJC_IMPLICIT_RETAIN_SELF = YES;
				CLANG_WARN_OBJC_LITERAL_CONVERSION = YES;
				CLANG_WARN_OBJC_ROOT_CLASS = YES_ERROR;
				CLANG_WARN_QUOTED_INCLUDE_IN_FRAMEWORK_HEADER = YES;
				CLANG_WARN_RANGE_LOOP_ANALYSIS = YES;
				CLANG_WARN_STRICT_PROTOTYPES = YES;
				CLANG_WARN_SUSPICIOUS_MOVE = YES;
				CLANG_WARN_UNGUARDED_AVAILABILITY = YES_AGGRESSIVE;
				CLANG_WARN_UNREACHABLE_CODE = YES;
				CLANG_WARN__DUPLICATE_METHOD_MATCH = YES;
				COPY_PHASE_STRIP = NO;
				DEBUG_INFORMATION_FORMAT = dwarf;
				ENABLE_STRICT_OBJC_MSGSEND = YES;
				ENABLE_TESTABILITY = YES;
				GCC_C_LANGUAGE_STANDARD = gnu11;
				GCC_DYNAMIC_NO_PIC = NO;
				GCC_NO_COMMON_BLOCKS = YES;
				GCC_OPTIMIZATION_LEVEL = 0;
				GCC_PREPROCESSOR_DEFINITIONS = (
					"DEBUG=1",
					"$(inherited)",
				);
				GCC_WARN_64_TO_32_BIT_CONVERSION = YES;
				GCC_WARN_ABOUT_RETURN_TYPE = YES_ERROR;
				GCC_WARN_UNDECLARED_SELECTOR = YES;
				GCC_WARN_UNINITIALIZED_AUTOS = YES_AGGRESSIVE;
				GCC_WARN_UNUSED_FUNCTION = YES;
				GCC_WARN_UNUSED_VARIABLE = YES;
				IPHONEOS_DEPLOYMENT_TARGET = 14.3;
				MTL_ENABLE_DEBUG_INFO = INCLUDE_SOURCE;
				MTL_FAST_MATH = YES;
				ONLY_ACTIVE_ARCH = YES;
				SDKROOT = iphoneos;
				SWIFT_ACTIVE_COMPILATION_CONDITIONS = DEBUG;
				SWIFT_OPTIMIZATION_LEVEL = "-Onone";
			};
			name = Debug;
		};
		9F80B97C25A5A99D007A75A8 /* Release */ = {
			isa = XCBuildConfiguration;
			buildSettings = {
				ALWAYS_SEARCH_USER_PATHS = NO;
				CLANG_ANALYZER_NONNULL = YES;
				CLANG_ANALYZER_NUMBER_OBJECT_CONVERSION = YES_AGGRESSIVE;
				CLANG_CXX_LANGUAGE_STANDARD = "gnu++14";
				CLANG_CXX_LIBRARY = "libc++";
				CLANG_ENABLE_MODULES = YES;
				CLANG_ENABLE_OBJC_ARC = YES;
				CLANG_ENABLE_OBJC_WEAK = YES;
				CLANG_WARN_BLOCK_CAPTURE_AUTORELEASING = YES;
				CLANG_WARN_BOOL_CONVERSION = YES;
				CLANG_WARN_COMMA = YES;
				CLANG_WARN_CONSTANT_CONVERSION = YES;
				CLANG_WARN_DEPRECATED_OBJC_IMPLEMENTATIONS = YES;
				CLANG_WARN_DIRECT_OBJC_ISA_USAGE = YES_ERROR;
				CLANG_WARN_DOCUMENTATION_COMMENTS = YES;
				CLANG_WARN_EMPTY_BODY = YES;
				CLANG_WARN_ENUM_CONVERSION = YES;
				CLANG_WARN_INFINITE_RECURSION = YES;
				CLANG_WARN_INT_CONVERSION = YES;
				CLANG_WARN_NON_LITERAL_NULL_CONVERSION = YES;
				CLANG_WARN_OBJC_IMPLICIT_RETAIN_SELF = YES;
				CLANG_WARN_OBJC_LITERAL_CONVERSION = YES;
				CLANG_WARN_OBJC_ROOT_CLASS = YES_ERROR;
				CLANG_WARN_QUOTED_INCLUDE_IN_FRAMEWORK_HEADER = YES;
				CLANG_WARN_RANGE_LOOP_ANALYSIS = YES;
				CLANG_WARN_STRICT_PROTOTYPES = YES;
				CLANG_WARN_SUSPICIOUS_MOVE = YES;
				CLANG_WARN_UNGUARDED_AVAILABILITY = YES_AGGRESSIVE;
				CLANG_WARN_UNREACHABLE_CODE = YES;
				CLANG_WARN__DUPLICATE_METHOD_MATCH = YES;
				COPY_PHASE_STRIP = NO;
				DEBUG_INFORMATION_FORMAT = "dwarf-with-dsym";
				ENABLE_NS_ASSERTIONS = NO;
				ENABLE_STRICT_OBJC_MSGSEND = YES;
				GCC_C_LANGUAGE_STANDARD = gnu11;
				GCC_NO_COMMON_BLOCKS = YES;
				GCC_WARN_64_TO_32_BIT_CONVERSION = YES;
				GCC_WARN_ABOUT_RETURN_TYPE = YES_ERROR;
				GCC_WARN_UNDECLARED_SELECTOR = YES;
				GCC_WARN_UNINITIALIZED_AUTOS = YES_AGGRESSIVE;
				GCC_WARN_UNUSED_FUNCTION = YES;
				GCC_WARN_UNUSED_VARIABLE = YES;
				IPHONEOS_DEPLOYMENT_TARGET = 14.3;
				MTL_ENABLE_DEBUG_INFO = NO;
				MTL_FAST_MATH = YES;
				SDKROOT = iphoneos;
				SWIFT_COMPILATION_MODE = wholemodule;
				SWIFT_OPTIMIZATION_LEVEL = "-O";
				VALIDATE_PRODUCT = YES;
			};
			name = Release;
		};
		9F80B97E25A5A99D007A75A8 /* Debug */ = {
			isa = XCBuildConfiguration;
			buildSettings = {
				ASSETCATALOG_COMPILER_APPICON_NAME = AppIcon;
				ASSETCATALOG_COMPILER_GLOBAL_ACCENT_COLOR_NAME = AccentColor;
				CODE_SIGN_STYLE = Automatic;
				DEVELOPMENT_TEAM = T8TH53QYXW;
				INFOPLIST_FILE = BreakingBad/Info.plist;
				LD_RUNPATH_SEARCH_PATHS = (
					"$(inherited)",
					"@executable_path/Frameworks",
				);
				PRODUCT_BUNDLE_IDENTIFIER = uk.co.stringcode.BreakingBad.BreakingBad;
				PRODUCT_NAME = "$(TARGET_NAME)";
				SWIFT_VERSION = 5.0;
				TARGETED_DEVICE_FAMILY = "1,2";
			};
			name = Debug;
		};
		9F80B97F25A5A99D007A75A8 /* Release */ = {
			isa = XCBuildConfiguration;
			buildSettings = {
				ASSETCATALOG_COMPILER_APPICON_NAME = AppIcon;
				ASSETCATALOG_COMPILER_GLOBAL_ACCENT_COLOR_NAME = AccentColor;
				CODE_SIGN_STYLE = Automatic;
				DEVELOPMENT_TEAM = T8TH53QYXW;
				INFOPLIST_FILE = BreakingBad/Info.plist;
				LD_RUNPATH_SEARCH_PATHS = (
					"$(inherited)",
					"@executable_path/Frameworks",
				);
				PRODUCT_BUNDLE_IDENTIFIER = uk.co.stringcode.BreakingBad.BreakingBad;
				PRODUCT_NAME = "$(TARGET_NAME)";
				SWIFT_VERSION = 5.0;
				TARGETED_DEVICE_FAMILY = "1,2";
			};
			name = Release;
		};
		9F80B98125A5A99D007A75A8 /* Debug */ = {
			isa = XCBuildConfiguration;
			buildSettings = {
				ALWAYS_EMBED_SWIFT_STANDARD_LIBRARIES = YES;
				BUNDLE_LOADER = "$(TEST_HOST)";
				CODE_SIGN_STYLE = Automatic;
				DEVELOPMENT_TEAM = T8TH53QYXW;
				INFOPLIST_FILE = BreakingBadTests/Info.plist;
				IPHONEOS_DEPLOYMENT_TARGET = 14.3;
				LD_RUNPATH_SEARCH_PATHS = (
					"$(inherited)",
					"@executable_path/Frameworks",
					"@loader_path/Frameworks",
				);
				PRODUCT_BUNDLE_IDENTIFIER = uk.co.stringcode.BreakingBad.BreakingBadTests;
				PRODUCT_NAME = "$(TARGET_NAME)";
				SWIFT_VERSION = 5.0;
				TARGETED_DEVICE_FAMILY = "1,2";
				TEST_HOST = "$(BUILT_PRODUCTS_DIR)/BreakingBad.app/BreakingBad";
			};
			name = Debug;
		};
		9F80B98225A5A99D007A75A8 /* Release */ = {
			isa = XCBuildConfiguration;
			buildSettings = {
				ALWAYS_EMBED_SWIFT_STANDARD_LIBRARIES = YES;
				BUNDLE_LOADER = "$(TEST_HOST)";
				CODE_SIGN_STYLE = Automatic;
				DEVELOPMENT_TEAM = T8TH53QYXW;
				INFOPLIST_FILE = BreakingBadTests/Info.plist;
				IPHONEOS_DEPLOYMENT_TARGET = 14.3;
				LD_RUNPATH_SEARCH_PATHS = (
					"$(inherited)",
					"@executable_path/Frameworks",
					"@loader_path/Frameworks",
				);
				PRODUCT_BUNDLE_IDENTIFIER = uk.co.stringcode.BreakingBad.BreakingBadTests;
				PRODUCT_NAME = "$(TARGET_NAME)";
				SWIFT_VERSION = 5.0;
				TARGETED_DEVICE_FAMILY = "1,2";
				TEST_HOST = "$(BUILT_PRODUCTS_DIR)/BreakingBad.app/BreakingBad";
			};
			name = Release;
		};
		9F80B98425A5A99D007A75A8 /* Debug */ = {
			isa = XCBuildConfiguration;
			buildSettings = {
				ALWAYS_EMBED_SWIFT_STANDARD_LIBRARIES = YES;
				CODE_SIGN_STYLE = Automatic;
				DEVELOPMENT_TEAM = T8TH53QYXW;
				INFOPLIST_FILE = BreakingBadUITests/Info.plist;
				LD_RUNPATH_SEARCH_PATHS = (
					"$(inherited)",
					"@executable_path/Frameworks",
					"@loader_path/Frameworks",
				);
				PRODUCT_BUNDLE_IDENTIFIER = uk.co.stringcode.BreakingBad.BreakingBadUITests;
				PRODUCT_NAME = "$(TARGET_NAME)";
				SWIFT_VERSION = 5.0;
				TARGETED_DEVICE_FAMILY = "1,2";
				TEST_TARGET_NAME = BreakingBad;
			};
			name = Debug;
		};
		9F80B98525A5A99D007A75A8 /* Release */ = {
			isa = XCBuildConfiguration;
			buildSettings = {
				ALWAYS_EMBED_SWIFT_STANDARD_LIBRARIES = YES;
				CODE_SIGN_STYLE = Automatic;
				DEVELOPMENT_TEAM = T8TH53QYXW;
				INFOPLIST_FILE = BreakingBadUITests/Info.plist;
				LD_RUNPATH_SEARCH_PATHS = (
					"$(inherited)",
					"@executable_path/Frameworks",
					"@loader_path/Frameworks",
				);
				PRODUCT_BUNDLE_IDENTIFIER = uk.co.stringcode.BreakingBad.BreakingBadUITests;
				PRODUCT_NAME = "$(TARGET_NAME)";
				SWIFT_VERSION = 5.0;
				TARGETED_DEVICE_FAMILY = "1,2";
				TEST_TARGET_NAME = BreakingBad;
			};
			name = Release;
		};
/* End XCBuildConfiguration section */

/* Begin XCConfigurationList section */
		9F80B94E25A5A99B007A75A8 /* Build configuration list for PBXProject "BreakingBad" */ = {
			isa = XCConfigurationList;
			buildConfigurations = (
				9F80B97B25A5A99D007A75A8 /* Debug */,
				9F80B97C25A5A99D007A75A8 /* Release */,
			);
			defaultConfigurationIsVisible = 0;
			defaultConfigurationName = Release;
		};
		9F80B97D25A5A99D007A75A8 /* Build configuration list for PBXNativeTarget "BreakingBad" */ = {
			isa = XCConfigurationList;
			buildConfigurations = (
				9F80B97E25A5A99D007A75A8 /* Debug */,
				9F80B97F25A5A99D007A75A8 /* Release */,
			);
			defaultConfigurationIsVisible = 0;
			defaultConfigurationName = Release;
		};
		9F80B98025A5A99D007A75A8 /* Build configuration list for PBXNativeTarget "BreakingBadTests" */ = {
			isa = XCConfigurationList;
			buildConfigurations = (
				9F80B98125A5A99D007A75A8 /* Debug */,
				9F80B98225A5A99D007A75A8 /* Release */,
			);
			defaultConfigurationIsVisible = 0;
			defaultConfigurationName = Release;
		};
		9F80B98325A5A99D007A75A8 /* Build configuration list for PBXNativeTarget "BreakingBadUITests" */ = {
			isa = XCConfigurationList;
			buildConfigurations = (
				9F80B98425A5A99D007A75A8 /* Debug */,
				9F80B98525A5A99D007A75A8 /* Release */,
			);
			defaultConfigurationIsVisible = 0;
			defaultConfigurationName = Release;
		};
/* End XCConfigurationList section */
	};
	rootObject = 9F80B94B25A5A99B007A75A8 /* Project object */;
}
